
Microsoft Visual Studio Solution File, Format Version 12.00
# Visual Studio Version 17
VisualStudioVersion = 17.0.32014.148
MinimumVisualStudioVersion = 10.0.40219.1
Project("{9A19103F-16F7-4668-BE54-9A1E7A4F7556}") = "Countdown", "Countdown.csproj", "{8402AE8C-463E-461A-926E-8C02FF684AB9}"
EndProject
Global
	GlobalSection(SolutionConfigurationPlatforms) = preSolution
		Debug|Any CPU = Debug|Any CPU
		Release|Any CPU = Release|Any CPU
	EndGlobalSection
	GlobalSection(ProjectConfigurationPlatforms) = postSolution
		{8402AE8C-463E-461A-926E-8C02FF684AB9}.Debug|Any CPU.ActiveCfg = Debug|Any CPU
		{8402AE8C-463E-461A-926E-8C02FF684AB9}.Debug|Any CPU.Build.0 = Debug|Any CPU
		{8402AE8C-463E-461A-926E-8C02FF684AB9}.Release|Any CPU.ActiveCfg = Release|Any CPU
		{8402AE8C-463E-461A-926E-8C02FF684AB9}.Release|Any CPU.Build.0 = Release|Any CPU
	EndGlobalSection
	GlobalSection(SolutionProperties) = preSolution
		HideSolutionNode = FALSE
	EndGlobalSection
	GlobalSection(ExtensibilityGlobals) = postSolution
		SolutionGuid = {2AC90F61-41AD-4E20-8C98-3AD157CAA392}
	EndGlobalSection
EndGlobal
